// !$*UTF8*$!
{
	archiveVersion = 1;
	classes = {
	};
	objectVersion = 55;
	objects = {

/* Begin PBXBuildFile section */
		34D4CB842866F4B10083DDA9 /* AppDelegate.swift in Sources */ = {isa = PBXBuildFile; fileRef = 34D4CB832866F4B10083DDA9 /* AppDelegate.swift */; };
		34D4CB862866F4B10083DDA9 /* SceneDelegate.swift in Sources */ = {isa = PBXBuildFile; fileRef = 34D4CB852866F4B10083DDA9 /* SceneDelegate.swift */; };
		34D4CB882866F4B10083DDA9 /* ViewController.swift in Sources */ = {isa = PBXBuildFile; fileRef = 34D4CB872866F4B10083DDA9 /* ViewController.swift */; };
		34D4CB8B2866F4B10083DDA9 /* Main.storyboard in Resources */ = {isa = PBXBuildFile; fileRef = 34D4CB892866F4B10083DDA9 /* Main.storyboard */; };
		34D4CB8D2866F4B40083DDA9 /* Assets.xcassets in Resources */ = {isa = PBXBuildFile; fileRef = 34D4CB8C2866F4B40083DDA9 /* Assets.xcassets */; };
		34D4CB902866F4B40083DDA9 /* LaunchScreen.storyboard in Resources */ = {isa = PBXBuildFile; fileRef = 34D4CB8E2866F4B40083DDA9 /* LaunchScreen.storyboard */; };
		CEB270C62866F7130021EC9B /* Lottie in Frameworks */ = {isa = PBXBuildFile; productRef = CEB270C52866F7130021EC9B /* Lottie */; };
		CEB270C92866F73C0021EC9B /* Moya in Frameworks */ = {isa = PBXBuildFile; productRef = CEB270C82866F73C0021EC9B /* Moya */; };
		CEB270CB2866F73C0021EC9B /* RxMoya in Frameworks */ = {isa = PBXBuildFile; productRef = CEB270CA2866F73C0021EC9B /* RxMoya */; };
		CEB270CE2866F7500021EC9B /* Kingfisher in Frameworks */ = {isa = PBXBuildFile; productRef = CEB270CD2866F7500021EC9B /* Kingfisher */; };
		CEB270D12866F7700021EC9B /* CropViewController in Frameworks */ = {isa = PBXBuildFile; productRef = CEB270D02866F7700021EC9B /* CropViewController */; };
		CEB270D32866F7700021EC9B /* TOCropViewController in Frameworks */ = {isa = PBXBuildFile; productRef = CEB270D22866F7700021EC9B /* TOCropViewController */; };
		CEB270D62866F7AA0021EC9B /* Then in Frameworks */ = {isa = PBXBuildFile; productRef = CEB270D52866F7AA0021EC9B /* Then */; };
/* End PBXBuildFile section */

/* Begin PBXFileReference section */
		34D4CB802866F4B10083DDA9 /* kingbobne-ios.app */ = {isa = PBXFileReference; explicitFileType = wrapper.application; includeInIndex = 0; path = "kingbobne-ios.app"; sourceTree = BUILT_PRODUCTS_DIR; };
		34D4CB832866F4B10083DDA9 /* AppDelegate.swift */ = {isa = PBXFileReference; lastKnownFileType = sourcecode.swift; path = AppDelegate.swift; sourceTree = "<group>"; };
		34D4CB852866F4B10083DDA9 /* SceneDelegate.swift */ = {isa = PBXFileReference; lastKnownFileType = sourcecode.swift; path = SceneDelegate.swift; sourceTree = "<group>"; };
		34D4CB872866F4B10083DDA9 /* ViewController.swift */ = {isa = PBXFileReference; lastKnownFileType = sourcecode.swift; path = ViewController.swift; sourceTree = "<group>"; };
		34D4CB8A2866F4B10083DDA9 /* Base */ = {isa = PBXFileReference; lastKnownFileType = file.storyboard; name = Base; path = Base.lproj/Main.storyboard; sourceTree = "<group>"; };
		34D4CB8C2866F4B40083DDA9 /* Assets.xcassets */ = {isa = PBXFileReference; lastKnownFileType = folder.assetcatalog; path = Assets.xcassets; sourceTree = "<group>"; };
		34D4CB8F2866F4B40083DDA9 /* Base */ = {isa = PBXFileReference; lastKnownFileType = file.storyboard; name = Base; path = Base.lproj/LaunchScreen.storyboard; sourceTree = "<group>"; };
		34D4CB912866F4B40083DDA9 /* Info.plist */ = {isa = PBXFileReference; lastKnownFileType = text.plist.xml; path = Info.plist; sourceTree = "<group>"; };
/* End PBXFileReference section */

/* Begin PBXFrameworksBuildPhase section */
		34D4CB7D2866F4B00083DDA9 /* Frameworks */ = {
			isa = PBXFrameworksBuildPhase;
			buildActionMask = 2147483647;
			files = (
				CEB270CE2866F7500021EC9B /* Kingfisher in Frameworks */,
				CEB270CB2866F73C0021EC9B /* RxMoya in Frameworks */,
				CEB270C92866F73C0021EC9B /* Moya in Frameworks */,
				CEB270D62866F7AA0021EC9B /* Then in Frameworks */,
				CEB270D12866F7700021EC9B /* CropViewController in Frameworks */,
				CEB270D32866F7700021EC9B /* TOCropViewController in Frameworks */,
				CEB270C62866F7130021EC9B /* Lottie in Frameworks */,
			);
			runOnlyForDeploymentPostprocessing = 0;
		};
/* End PBXFrameworksBuildPhase section */

/* Begin PBXGroup section */
		34D4CB772866F4B00083DDA9 = {
			isa = PBXGroup;
			children = (
				34D4CB822866F4B10083DDA9 /* kingbobne-ios */,
				34D4CB812866F4B10083DDA9 /* Products */,
			);
			sourceTree = "<group>";
		};
		34D4CB812866F4B10083DDA9 /* Products */ = {
			isa = PBXGroup;
			children = (
				34D4CB802866F4B10083DDA9 /* kingbobne-ios.app */,
			);
			name = Products;
			sourceTree = "<group>";
		};
		34D4CB822866F4B10083DDA9 /* kingbobne-ios */ = {
			isa = PBXGroup;
			children = (
				34D4CB832866F4B10083DDA9 /* AppDelegate.swift */,
				34D4CB852866F4B10083DDA9 /* SceneDelegate.swift */,
				34D4CB872866F4B10083DDA9 /* ViewController.swift */,
				34D4CB892866F4B10083DDA9 /* Main.storyboard */,
				34D4CB8C2866F4B40083DDA9 /* Assets.xcassets */,
				34D4CB8E2866F4B40083DDA9 /* LaunchScreen.storyboard */,
				34D4CB912866F4B40083DDA9 /* Info.plist */,
			);
			path = "kingbobne-ios";
			sourceTree = "<group>";
		};
/* End PBXGroup section */

/* Begin PBXNativeTarget section */
		34D4CB7F2866F4B00083DDA9 /* kingbobne-ios */ = {
			isa = PBXNativeTarget;
			buildConfigurationList = 34D4CB942866F4B40083DDA9 /* Build configuration list for PBXNativeTarget "kingbobne-ios" */;
			buildPhases = (
				34D4CB7C2866F4B00083DDA9 /* Sources */,
				34D4CB7D2866F4B00083DDA9 /* Frameworks */,
				34D4CB7E2866F4B00083DDA9 /* Resources */,
			);
			buildRules = (
			);
			dependencies = (
			);
			name = "kingbobne-ios";
			packageProductDependencies = (
				CEB270C52866F7130021EC9B /* Lottie */,
				CEB270C82866F73C0021EC9B /* Moya */,
				CEB270CA2866F73C0021EC9B /* RxMoya */,
				CEB270CD2866F7500021EC9B /* Kingfisher */,
				CEB270D02866F7700021EC9B /* CropViewController */,
				CEB270D22866F7700021EC9B /* TOCropViewController */,
				CEB270D52866F7AA0021EC9B /* Then */,
			);
			productName = "kingbobne-ios";
			productReference = 34D4CB802866F4B10083DDA9 /* kingbobne-ios.app */;
			productType = "com.apple.product-type.application";
		};
/* End PBXNativeTarget section */

/* Begin PBXProject section */
		34D4CB782866F4B00083DDA9 /* Project object */ = {
			isa = PBXProject;
			attributes = {
				BuildIndependentTargetsInParallel = 1;
				LastSwiftUpdateCheck = 1340;
				LastUpgradeCheck = 1340;
				TargetAttributes = {
					34D4CB7F2866F4B00083DDA9 = {
						CreatedOnToolsVersion = 13.4.1;
					};
				};
			};
			buildConfigurationList = 34D4CB7B2866F4B00083DDA9 /* Build configuration list for PBXProject "kingbobne-ios" */;
			compatibilityVersion = "Xcode 13.0";
			developmentRegion = en;
			hasScannedForEncodings = 0;
			knownRegions = (
				en,
				Base,
			);
			mainGroup = 34D4CB772866F4B00083DDA9;
			packageReferences = (
				CEB270C42866F7130021EC9B /* XCRemoteSwiftPackageReference "lottie-ios" */,
				CEB270C72866F73C0021EC9B /* XCRemoteSwiftPackageReference "Moya" */,
				CEB270CC2866F7500021EC9B /* XCRemoteSwiftPackageReference "Kingfisher" */,
				CEB270CF2866F7700021EC9B /* XCRemoteSwiftPackageReference "TOCropViewController" */,
				CEB270D42866F7AA0021EC9B /* XCRemoteSwiftPackageReference "Then" */,
			);
			productRefGroup = 34D4CB812866F4B10083DDA9 /* Products */;
			projectDirPath = "";
			projectRoot = "";
			targets = (
				34D4CB7F2866F4B00083DDA9 /* kingbobne-ios */,
			);
		};
/* End PBXProject section */

/* Begin PBXResourcesBuildPhase section */
		34D4CB7E2866F4B00083DDA9 /* Resources */ = {
			isa = PBXResourcesBuildPhase;
			buildActionMask = 2147483647;
			files = (
				34D4CB902866F4B40083DDA9 /* LaunchScreen.storyboard in Resources */,
				34D4CB8D2866F4B40083DDA9 /* Assets.xcassets in Resources */,
				34D4CB8B2866F4B10083DDA9 /* Main.storyboard in Resources */,
			);
			runOnlyForDeploymentPostprocessing = 0;
		};
/* End PBXResourcesBuildPhase section */

/* Begin PBXSourcesBuildPhase section */
		34D4CB7C2866F4B00083DDA9 /* Sources */ = {
			isa = PBXSourcesBuildPhase;
			buildActionMask = 2147483647;
			files = (
				34D4CB882866F4B10083DDA9 /* ViewController.swift in Sources */,
				34D4CB842866F4B10083DDA9 /* AppDelegate.swift in Sources */,
				34D4CB862866F4B10083DDA9 /* SceneDelegate.swift in Sources */,
			);
			runOnlyForDeploymentPostprocessing = 0;
		};
/* End PBXSourcesBuildPhase section */

/* Begin PBXVariantGroup section */
		34D4CB892866F4B10083DDA9 /* Main.storyboard */ = {
			isa = PBXVariantGroup;
			children = (
				34D4CB8A2866F4B10083DDA9 /* Base */,
			);
			name = Main.storyboard;
			sourceTree = "<group>";
		};
		34D4CB8E2866F4B40083DDA9 /* LaunchScreen.storyboard */ = {
			isa = PBXVariantGroup;
			children = (
				34D4CB8F2866F4B40083DDA9 /* Base */,
			);
			name = LaunchScreen.storyboard;
			sourceTree = "<group>";
		};
/* End PBXVariantGroup section */

/* Begin XCBuildConfiguration section */
		34D4CB922866F4B40083DDA9 /* Debug */ = {
			isa = XCBuildConfiguration;
			buildSettings = {
				ALWAYS_SEARCH_USER_PATHS = NO;
				CLANG_ANALYZER_NONNULL = YES;
				CLANG_ANALYZER_NUMBER_OBJECT_CONVERSION = YES_AGGRESSIVE;
				CLANG_CXX_LANGUAGE_STANDARD = "gnu++17";
				CLANG_ENABLE_MODULES = YES;
				CLANG_ENABLE_OBJC_ARC = YES;
				CLANG_ENABLE_OBJC_WEAK = YES;
				CLANG_WARN_BLOCK_CAPTURE_AUTORELEASING = YES;
				CLANG_WARN_BOOL_CONVERSION = YES;
				CLANG_WARN_COMMA = YES;
				CLANG_WARN_CONSTANT_CONVERSION = YES;
				CLANG_WARN_DEPRECATED_OBJC_IMPLEMENTATIONS = YES;
				CLANG_WARN_DIRECT_OBJC_ISA_USAGE = YES_ERROR;
				CLANG_WARN_DOCUMENTATION_COMMENTS = YES;
				CLANG_WARN_EMPTY_BODY = YES;
				CLANG_WARN_ENUM_CONVERSION = YES;
				CLANG_WARN_INFINITE_RECURSION = YES;
				CLANG_WARN_INT_CONVERSION = YES;
				CLANG_WARN_NON_LITERAL_NULL_CONVERSION = YES;
				CLANG_WARN_OBJC_IMPLICIT_RETAIN_SELF = YES;
				CLANG_WARN_OBJC_LITERAL_CONVERSION = YES;
				CLANG_WARN_OBJC_ROOT_CLASS = YES_ERROR;
				CLANG_WARN_QUOTED_INCLUDE_IN_FRAMEWORK_HEADER = YES;
				CLANG_WARN_RANGE_LOOP_ANALYSIS = YES;
				CLANG_WARN_STRICT_PROTOTYPES = YES;
				CLANG_WARN_SUSPICIOUS_MOVE = YES;
				CLANG_WARN_UNGUARDED_AVAILABILITY = YES_AGGRESSIVE;
				CLANG_WARN_UNREACHABLE_CODE = YES;
				CLANG_WARN__DUPLICATE_METHOD_MATCH = YES;
				COPY_PHASE_STRIP = NO;
				DEBUG_INFORMATION_FORMAT = dwarf;
				ENABLE_STRICT_OBJC_MSGSEND = YES;
				ENABLE_TESTABILITY = YES;
				GCC_C_LANGUAGE_STANDARD = gnu11;
				GCC_DYNAMIC_NO_PIC = NO;
				GCC_NO_COMMON_BLOCKS = YES;
				GCC_OPTIMIZATION_LEVEL = 0;
				GCC_PREPROCESSOR_DEFINITIONS = (
					"DEBUG=1",
					"$(inherited)",
				);
				GCC_WARN_64_TO_32_BIT_CONVERSION = YES;
				GCC_WARN_ABOUT_RETURN_TYPE = YES_ERROR;
				GCC_WARN_UNDECLARED_SELECTOR = YES;
				GCC_WARN_UNINITIALIZED_AUTOS = YES_AGGRESSIVE;
				GCC_WARN_UNUSED_FUNCTION = YES;
				GCC_WARN_UNUSED_VARIABLE = YES;
				IPHONEOS_DEPLOYMENT_TARGET = 15.5;
				MTL_ENABLE_DEBUG_INFO = INCLUDE_SOURCE;
				MTL_FAST_MATH = YES;
				ONLY_ACTIVE_ARCH = YES;
				SDKROOT = iphoneos;
				SWIFT_ACTIVE_COMPILATION_CONDITIONS = DEBUG;
				SWIFT_OPTIMIZATION_LEVEL = "-Onone";
			};
			name = Debug;
		};
		34D4CB932866F4B40083DDA9 /* Release */ = {
			isa = XCBuildConfiguration;
			buildSettings = {
				ALWAYS_SEARCH_USER_PATHS = NO;
				CLANG_ANALYZER_NONNULL = YES;
				CLANG_ANALYZER_NUMBER_OBJECT_CONVERSION = YES_AGGRESSIVE;
				CLANG_CXX_LANGUAGE_STANDARD = "gnu++17";
				CLANG_ENABLE_MODULES = YES;
				CLANG_ENABLE_OBJC_ARC = YES;
				CLANG_ENABLE_OBJC_WEAK = YES;
				CLANG_WARN_BLOCK_CAPTURE_AUTORELEASING = YES;
				CLANG_WARN_BOOL_CONVERSION = YES;
				CLANG_WARN_COMMA = YES;
				CLANG_WARN_CONSTANT_CONVERSION = YES;
				CLANG_WARN_DEPRECATED_OBJC_IMPLEMENTATIONS = YES;
				CLANG_WARN_DIRECT_OBJC_ISA_USAGE = YES_ERROR;
				CLANG_WARN_DOCUMENTATION_COMMENTS = YES;
				CLANG_WARN_EMPTY_BODY = YES;
				CLANG_WARN_ENUM_CONVERSION = YES;
				CLANG_WARN_INFINITE_RECURSION = YES;
				CLANG_WARN_INT_CONVERSION = YES;
				CLANG_WARN_NON_LITERAL_NULL_CONVERSION = YES;
				CLANG_WARN_OBJC_IMPLICIT_RETAIN_SELF = YES;
				CLANG_WARN_OBJC_LITERAL_CONVERSION = YES;
				CLANG_WARN_OBJC_ROOT_CLASS = YES_ERROR;
				CLANG_WARN_QUOTED_INCLUDE_IN_FRAMEWORK_HEADER = YES;
				CLANG_WARN_RANGE_LOOP_ANALYSIS = YES;
				CLANG_WARN_STRICT_PROTOTYPES = YES;
				CLANG_WARN_SUSPICIOUS_MOVE = YES;
				CLANG_WARN_UNGUARDED_AVAILABILITY = YES_AGGRESSIVE;
				CLANG_WARN_UNREACHABLE_CODE = YES;
				CLANG_WARN__DUPLICATE_METHOD_MATCH = YES;
				COPY_PHASE_STRIP = NO;
				DEBUG_INFORMATION_FORMAT = "dwarf-with-dsym";
				ENABLE_NS_ASSERTIONS = NO;
				ENABLE_STRICT_OBJC_MSGSEND = YES;
				GCC_C_LANGUAGE_STANDARD = gnu11;
				GCC_NO_COMMON_BLOCKS = YES;
				GCC_WARN_64_TO_32_BIT_CONVERSION = YES;
				GCC_WARN_ABOUT_RETURN_TYPE = YES_ERROR;
				GCC_WARN_UNDECLARED_SELECTOR = YES;
				GCC_WARN_UNINITIALIZED_AUTOS = YES_AGGRESSIVE;
				GCC_WARN_UNUSED_FUNCTION = YES;
				GCC_WARN_UNUSED_VARIABLE = YES;
				IPHONEOS_DEPLOYMENT_TARGET = 15.5;
				MTL_ENABLE_DEBUG_INFO = NO;
				MTL_FAST_MATH = YES;
				SDKROOT = iphoneos;
				SWIFT_COMPILATION_MODE = wholemodule;
				SWIFT_OPTIMIZATION_LEVEL = "-O";
				VALIDATE_PRODUCT = YES;
			};
			name = Release;
		};
		34D4CB952866F4B40083DDA9 /* Debug */ = {
			isa = XCBuildConfiguration;
			buildSettings = {
				ASSETCATALOG_COMPILER_APPICON_NAME = AppIcon;
				ASSETCATALOG_COMPILER_GLOBAL_ACCENT_COLOR_NAME = AccentColor;
				CODE_SIGN_STYLE = Automatic;
				CURRENT_PROJECT_VERSION = 1;
				GENERATE_INFOPLIST_FILE = YES;
				INFOPLIST_FILE = "kingbobne-ios/Info.plist";
				INFOPLIST_KEY_UIApplicationSupportsIndirectInputEvents = YES;
				INFOPLIST_KEY_UILaunchStoryboardName = LaunchScreen;
				INFOPLIST_KEY_UIMainStoryboardFile = Main;
				INFOPLIST_KEY_UISupportedInterfaceOrientations = UIInterfaceOrientationPortrait;
				INFOPLIST_KEY_UISupportedInterfaceOrientations_iPad = "UIInterfaceOrientationPortrait UIInterfaceOrientationPortraitUpsideDown UIInterfaceOrientationLandscapeLeft UIInterfaceOrientationLandscapeRight";
				INFOPLIST_KEY_UISupportedInterfaceOrientations_iPhone = "UIInterfaceOrientationPortrait UIInterfaceOrientationLandscapeLeft UIInterfaceOrientationLandscapeRight";
				IPHONEOS_DEPLOYMENT_TARGET = 13.0;
				LD_RUNPATH_SEARCH_PATHS = (
					"$(inherited)",
					"@executable_path/Frameworks",
				);
				MARKETING_VERSION = 1.0;
				PRODUCT_BUNDLE_IDENTIFIER = "com.kingbobne.kingbobne-ios";
				PRODUCT_NAME = "$(TARGET_NAME)";
				SWIFT_EMIT_LOC_STRINGS = YES;
				SWIFT_VERSION = 5.0;
				TARGETED_DEVICE_FAMILY = 1;
			};
			name = Debug;
		};
		34D4CB962866F4B40083DDA9 /* Release */ = {
			isa = XCBuildConfiguration;
			buildSettings = {
				ASSETCATALOG_COMPILER_APPICON_NAME = AppIcon;
				ASSETCATALOG_COMPILER_GLOBAL_ACCENT_COLOR_NAME = AccentColor;
				CODE_SIGN_STYLE = Automatic;
				CURRENT_PROJECT_VERSION = 1;
				GENERATE_INFOPLIST_FILE = YES;
				INFOPLIST_FILE = "kingbobne-ios/Info.plist";
				INFOPLIST_KEY_UIApplicationSupportsIndirectInputEvents = YES;
				INFOPLIST_KEY_UILaunchStoryboardName = LaunchScreen;
				INFOPLIST_KEY_UIMainStoryboardFile = Main;
				INFOPLIST_KEY_UISupportedInterfaceOrientations = UIInterfaceOrientationPortrait;
				INFOPLIST_KEY_UISupportedInterfaceOrientations_iPad = "UIInterfaceOrientationPortrait UIInterfaceOrientationPortraitUpsideDown UIInterfaceOrientationLandscapeLeft UIInterfaceOrientationLandscapeRight";
				INFOPLIST_KEY_UISupportedInterfaceOrientations_iPhone = "UIInterfaceOrientationPortrait UIInterfaceOrientationLandscapeLeft UIInterfaceOrientationLandscapeRight";
				IPHONEOS_DEPLOYMENT_TARGET = 13.0;
				LD_RUNPATH_SEARCH_PATHS = (
					"$(inherited)",
					"@executable_path/Frameworks",
				);
				MARKETING_VERSION = 1.0;
				PRODUCT_BUNDLE_IDENTIFIER = "com.kingbobne.kingbobne-ios";
				PRODUCT_NAME = "$(TARGET_NAME)";
				SWIFT_EMIT_LOC_STRINGS = YES;
				SWIFT_VERSION = 5.0;
				TARGETED_DEVICE_FAMILY = 1;
			};
			name = Release;
		};
/* End XCBuildConfiguration section */

/* Begin XCConfigurationList section */
		34D4CB7B2866F4B00083DDA9 /* Build configuration list for PBXProject "kingbobne-ios" */ = {
			isa = XCConfigurationList;
			buildConfigurations = (
				34D4CB922866F4B40083DDA9 /* Debug */,
				34D4CB932866F4B40083DDA9 /* Release */,
			);
			defaultConfigurationIsVisible = 0;
			defaultConfigurationName = Release;
		};
		34D4CB942866F4B40083DDA9 /* Build configuration list for PBXNativeTarget "kingbobne-ios" */ = {
			isa = XCConfigurationList;
			buildConfigurations = (
				34D4CB952866F4B40083DDA9 /* Debug */,
				34D4CB962866F4B40083DDA9 /* Release */,
			);
			defaultConfigurationIsVisible = 0;
			defaultConfigurationName = Release;
		};
/* End XCConfigurationList section */

/* Begin XCRemoteSwiftPackageReference section */
		CEB270C42866F7130021EC9B /* XCRemoteSwiftPackageReference "lottie-ios" */ = {
			isa = XCRemoteSwiftPackageReference;
			repositoryURL = "https://github.com/alexruperez/lottie-ios.git";
			requirement = {
				branch = master;
				kind = branch;
			};
		};
		CEB270C72866F73C0021EC9B /* XCRemoteSwiftPackageReference "Moya" */ = {
			isa = XCRemoteSwiftPackageReference;
			repositoryURL = "https://github.com/Moya/Moya.git";
			requirement = {
				branch = master;
				kind = branch;
			};
		};
		CEB270CC2866F7500021EC9B /* XCRemoteSwiftPackageReference "Kingfisher" */ = {
			isa = XCRemoteSwiftPackageReference;
			repositoryURL = "https://github.com/onevcat/Kingfisher.git";
			requirement = {
				branch = master;
				kind = branch;
			};
		};
		CEB270CF2866F7700021EC9B /* XCRemoteSwiftPackageReference "TOCropViewController" */ = {
			isa = XCRemoteSwiftPackageReference;
			repositoryURL = "https://github.com/TimOliver/TOCropViewController.git";
			requirement = {
				branch = main;
				kind = branch;
			};
		};
		CEB270D42866F7AA0021EC9B /* XCRemoteSwiftPackageReference "Then" */ = {
			isa = XCRemoteSwiftPackageReference;
			repositoryURL = "https://github.com/devxoul/Then.git";
			requirement = {
				branch = master;
				kind = branch;
			};
		};
/* End XCRemoteSwiftPackageReference section */

/* Begin XCSwiftPackageProductDependency section */
		CEB270C52866F7130021EC9B /* Lottie */ = {
			isa = XCSwiftPackageProductDependency;
			package = CEB270C42866F7130021EC9B /* XCRemoteSwiftPackageReference "lottie-ios" */;
			productName = Lottie;
		};
		CEB270C82866F73C0021EC9B /* Moya */ = {
			isa = XCSwiftPackageProductDependency;
			package = CEB270C72866F73C0021EC9B /* XCRemoteSwiftPackageReference "Moya" */;
			productName = Moya;
		};
		CEB270CA2866F73C0021EC9B /* RxMoya */ = {
			isa = XCSwiftPackageProductDependency;
			package = CEB270C72866F73C0021EC9B /* XCRemoteSwiftPackageReference "Moya" */;
			productName = RxMoya;
		};
		CEB270CD2866F7500021EC9B /* Kingfisher */ = {
			isa = XCSwiftPackageProductDependency;
			package = CEB270CC2866F7500021EC9B /* XCRemoteSwiftPackageReference "Kingfisher" */;
			productName = Kingfisher;
		};
		CEB270D02866F7700021EC9B /* CropViewController */ = {
			isa = XCSwiftPackageProductDependency;
			package = CEB270CF2866F7700021EC9B /* XCRemoteSwiftPackageReference "TOCropViewController" */;
			productName = CropViewController;
		};
		CEB270D22866F7700021EC9B /* TOCropViewController */ = {
			isa = XCSwiftPackageProductDependency;
			package = CEB270CF2866F7700021EC9B /* XCRemoteSwiftPackageReference "TOCropViewController" */;
			productName = TOCropViewController;
		};
		CEB270D52866F7AA0021EC9B /* Then */ = {
			isa = XCSwiftPackageProductDependency;
			package = CEB270D42866F7AA0021EC9B /* XCRemoteSwiftPackageReference "Then" */;
			productName = Then;
		};
/* End XCSwiftPackageProductDependency section */
	};
	rootObject = 34D4CB782866F4B00083DDA9 /* Project object */;
}
